
Microsoft Visual Studio Solution File, Format Version 12.00
# Visual Studio Version 16
VisualStudioVersion = 16.0.28803.202
MinimumVisualStudioVersion = 10.0.40219.1
Project("{9A19103F-16F7-4668-BE54-9A1E7A4F7556}") = "PadraoMvc", "PadraoMvc\PadraoMvc.csproj", "{7D12814A-48EE-49F1-AEF6-D1A7203C6875}"
EndProject
Global
	GlobalSection(SolutionConfigurationPlatforms) = preSolution
		Debug|Any CPU = Debug|Any CPU
		Release|Any CPU = Release|Any CPU
	EndGlobalSection
	GlobalSection(ProjectConfigurationPlatforms) = postSolution
		{7D12814A-48EE-49F1-AEF6-D1A7203C6875}.Debug|Any CPU.ActiveCfg = Debug|Any CPU
		{7D12814A-48EE-49F1-AEF6-D1A7203C6875}.Debug|Any CPU.Build.0 = Debug|Any CPU
		{7D12814A-48EE-49F1-AEF6-D1A7203C6875}.Release|Any CPU.ActiveCfg = Release|Any CPU
		{7D12814A-48EE-49F1-AEF6-D1A7203C6875}.Release|Any CPU.Build.0 = Release|Any CPU
	EndGlobalSection
	GlobalSection(SolutionProperties) = preSolution
		HideSolutionNode = FALSE
	EndGlobalSection
	GlobalSection(ExtensibilityGlobals) = postSolution
		SolutionGuid = {E69B89F9-CC18-48A1-86DC-0879A715AD27}
	EndGlobalSection
EndGlobal
